
Microsoft Visual Studio Solution File, Format Version 12.00
# Visual Studio 2012
Project("{FAE04EC0-301F-11D3-BF4B-00C04F79EFBC}") = "DbxEntityTracker", "DbxEntityTracker.csproj", "{8BF5D56A-7812-47D6-847F-8908021F628A}"
EndProject
Project("{FAE04EC0-301F-11D3-BF4B-00C04F79EFBC}") = "DbxUtils", "DbxUtils\DbxUtils.csproj", "{ADCC29FF-0EB3-4F45-BEE1-D541D5C57A31}"
EndProject
Project("{FAE04EC0-301F-11D3-BF4B-00C04F79EFBC}") = "Test_DbxUtils", "Test_DbxUtils\Test_DbxUtils.csproj", "{5F2BDE67-DE8F-4FBC-91B6-4E6915258180}"
EndProject
Global
	GlobalSection(SolutionConfigurationPlatforms) = preSolution
		Debug|Any CPU = Debug|Any CPU
		Debug|Mixed Platforms = Debug|Mixed Platforms
		Debug|Win32 = Debug|Win32
		Release|Any CPU = Release|Any CPU
		Release|Mixed Platforms = Release|Mixed Platforms
		Release|Win32 = Release|Win32
	EndGlobalSection
	GlobalSection(ProjectConfigurationPlatforms) = postSolution
		{8BF5D56A-7812-47D6-847F-8908021F628A}.Debug|Any CPU.ActiveCfg = Debug|Any CPU
		{8BF5D56A-7812-47D6-847F-8908021F628A}.Debug|Any CPU.Build.0 = Debug|Any CPU
		{8BF5D56A-7812-47D6-847F-8908021F628A}.Debug|Mixed Platforms.ActiveCfg = Debug|Any CPU
		{8BF5D56A-7812-47D6-847F-8908021F628A}.Debug|Mixed Platforms.Build.0 = Debug|Any CPU
		{8BF5D56A-7812-47D6-847F-8908021F628A}.Debug|Win32.ActiveCfg = Debug|Any CPU
		{8BF5D56A-7812-47D6-847F-8908021F628A}.Release|Any CPU.ActiveCfg = Release|Any CPU
		{8BF5D56A-7812-47D6-847F-8908021F628A}.Release|Any CPU.Build.0 = Release|Any CPU
		{8BF5D56A-7812-47D6-847F-8908021F628A}.Release|Mixed Platforms.ActiveCfg = Release|Any CPU
		{8BF5D56A-7812-47D6-847F-8908021F628A}.Release|Mixed Platforms.Build.0 = Release|Any CPU
		{8BF5D56A-7812-47D6-847F-8908021F628A}.Release|Win32.ActiveCfg = Release|Any CPU
		{ADCC29FF-0EB3-4F45-BEE1-D541D5C57A31}.Debug|Any CPU.ActiveCfg = Debug|Any CPU
		{ADCC29FF-0EB3-4F45-BEE1-D541D5C57A31}.Debug|Any CPU.Build.0 = Debug|Any CPU
		{ADCC29FF-0EB3-4F45-BEE1-D541D5C57A31}.Debug|Mixed Platforms.ActiveCfg = Debug|Any CPU
		{ADCC29FF-0EB3-4F45-BEE1-D541D5C57A31}.Debug|Mixed Platforms.Build.0 = Debug|Any CPU
		{ADCC29FF-0EB3-4F45-BEE1-D541D5C57A31}.Debug|Win32.ActiveCfg = Debug|Any CPU
		{ADCC29FF-0EB3-4F45-BEE1-D541D5C57A31}.Release|Any CPU.ActiveCfg = Release|Any CPU
		{ADCC29FF-0EB3-4F45-BEE1-D541D5C57A31}.Release|Any CPU.Build.0 = Release|Any CPU
		{ADCC29FF-0EB3-4F45-BEE1-D541D5C57A31}.Release|Mixed Platforms.ActiveCfg = Release|Any CPU
		{ADCC29FF-0EB3-4F45-BEE1-D541D5C57A31}.Release|Mixed Platforms.Build.0 = Release|Any CPU
		{ADCC29FF-0EB3-4F45-BEE1-D541D5C57A31}.Release|Win32.ActiveCfg = Release|Any CPU
		{5F2BDE67-DE8F-4FBC-91B6-4E6915258180}.Debug|Any CPU.ActiveCfg = Debug|Any CPU
		{5F2BDE67-DE8F-4FBC-91B6-4E6915258180}.Debug|Any CPU.Build.0 = Debug|Any CPU
		{5F2BDE67-DE8F-4FBC-91B6-4E6915258180}.Debug|Mixed Platforms.ActiveCfg = Debug|Any CPU
		{5F2BDE67-DE8F-4FBC-91B6-4E6915258180}.Debug|Mixed Platforms.Build.0 = Debug|Any CPU
		{5F2BDE67-DE8F-4FBC-91B6-4E6915258180}.Debug|Win32.ActiveCfg = Debug|Any CPU
		{5F2BDE67-DE8F-4FBC-91B6-4E6915258180}.Release|Any CPU.ActiveCfg = Release|Any CPU
		{5F2BDE67-DE8F-4FBC-91B6-4E6915258180}.Release|Any CPU.Build.0 = Release|Any CPU
		{5F2BDE67-DE8F-4FBC-91B6-4E6915258180}.Release|Mixed Platforms.ActiveCfg = Release|Any CPU
		{5F2BDE67-DE8F-4FBC-91B6-4E6915258180}.Release|Mixed Platforms.Build.0 = Release|Any CPU
		{5F2BDE67-DE8F-4FBC-91B6-4E6915258180}.Release|Win32.ActiveCfg = Release|Any CPU
	EndGlobalSection
	GlobalSection(SolutionProperties) = preSolution
		HideSolutionNode = FALSE
	EndGlobalSection
EndGlobal
